{
  "name": "rabbitlala-checkout",
  "version": "1.0.1",
  "lockfileVersion": 3,
  "requires": true,
  "packages": {
    "": {
      "name": "rabbitlala-checkout",
      "version": "1.0.1",
      "license": "UNLICENSED",
      "dependencies": {
        "rabbitlala-checkout": "^1.0.0"
      }
    },
    "node_modules/rabbitlala-checkout": {
      "version": "1.0.0",
      "resolved": "https://registry.npmjs.org/rabbitlala-checkout/-/rabbitlala-checkout-1.0.0.tgz",
      "integrity": "sha512-qF0Xd8RlAJGr3pmaQxm3ogzHAF8he0rMqXBbM02JIQJ3EK7dery1w1jZ0c6dt7KTXa6oQZ3Zm79x4SP9FCTVDg==",
      "license": "UNLICENSED"
    }
  }
}
